
Microsoft Visual Studio Solution File, Format Version 12.00
# Visual Studio Version 16
VisualStudioVersion = 16.0.32510.428
MinimumVisualStudioVersion = 10.0.40219.1
Project("{FAE04EC0-301F-11D3-BF4B-00C04F79EFBC}") = "ServiceLibrary", "ServiceLibrary\ServiceLibrary.csproj", "{E8F7489D-4E5B-464B-8279-EDA1F1E41B10}"
EndProject
Project("{FAE04EC0-301F-11D3-BF4B-00C04F79EFBC}") = "HostConsoleApp", "HostConsoleApp\HostConsoleApp.csproj", "{1C7F71FB-3D8D-4521-AAFB-0AA4BCFF4350}"
EndProject
Global
	GlobalSection(SolutionConfigurationPlatforms) = preSolution
		Debug|Any CPU = Debug|Any CPU
		Release|Any CPU = Release|Any CPU
	EndGlobalSection
	GlobalSection(ProjectConfigurationPlatforms) = postSolution
		{E8F7489D-4E5B-464B-8279-EDA1F1E41B10}.Debug|Any CPU.ActiveCfg = Debug|Any CPU
		{E8F7489D-4E5B-464B-8279-EDA1F1E41B10}.Debug|Any CPU.Build.0 = Debug|Any CPU
		{E8F7489D-4E5B-464B-8279-EDA1F1E41B10}.Release|Any CPU.ActiveCfg = Release|Any CPU
		{E8F7489D-4E5B-464B-8279-EDA1F1E41B10}.Release|Any CPU.Build.0 = Release|Any CPU
		{1C7F71FB-3D8D-4521-AAFB-0AA4BCFF4350}.Debug|Any CPU.ActiveCfg = Debug|Any CPU
		{1C7F71FB-3D8D-4521-AAFB-0AA4BCFF4350}.Debug|Any CPU.Build.0 = Debug|Any CPU
		{1C7F71FB-3D8D-4521-AAFB-0AA4BCFF4350}.Release|Any CPU.ActiveCfg = Release|Any CPU
		{1C7F71FB-3D8D-4521-AAFB-0AA4BCFF4350}.Release|Any CPU.Build.0 = Release|Any CPU
	EndGlobalSection
	GlobalSection(SolutionProperties) = preSolution
		HideSolutionNode = FALSE
	EndGlobalSection
	GlobalSection(ExtensibilityGlobals) = postSolution
		SolutionGuid = {793571A2-FB1A-481F-8DAB-301C11176525}
	EndGlobalSection
EndGlobal
